
Microsoft Visual Studio Solution File, Format Version 12.00
# Visual Studio Version 16
VisualStudioVersion = 16.0.31624.102
MinimumVisualStudioVersion = 10.0.40219.1
Project("{FAE04EC0-301F-11D3-BF4B-00C04F79EFBC}") = "Aurelia", "Aurelia\Aurelia.csproj", "{B7693D82-1F31-48CE-9EE1-CB25315F4C5E}"
EndProject
Global
	GlobalSection(SolutionConfigurationPlatforms) = preSolution
		Debug|Any CPU = Debug|Any CPU
		Release|Any CPU = Release|Any CPU
	EndGlobalSection
	GlobalSection(ProjectConfigurationPlatforms) = postSolution
		{B7693D82-1F31-48CE-9EE1-CB25315F4C5E}.Debug|Any CPU.ActiveCfg = Debug|Any CPU
		{B7693D82-1F31-48CE-9EE1-CB25315F4C5E}.Debug|Any CPU.Build.0 = Debug|Any CPU
		{B7693D82-1F31-48CE-9EE1-CB25315F4C5E}.Release|Any CPU.ActiveCfg = Release|Any CPU
		{B7693D82-1F31-48CE-9EE1-CB25315F4C5E}.Release|Any CPU.Build.0 = Release|Any CPU
	EndGlobalSection
	GlobalSection(SolutionProperties) = preSolution
		HideSolutionNode = FALSE
	EndGlobalSection
	GlobalSection(ExtensibilityGlobals) = postSolution
		SolutionGuid = {4D08E846-9DB6-4E78-B35A-199B24D520D6}
	EndGlobalSection
EndGlobal
